
Microsoft Visual Studio Solution File, Format Version 12.00
# Visual Studio 15
VisualStudioVersion = 15.0.27703.2026
MinimumVisualStudioVersion = 10.0.40219.1
Project("{9A19103F-16F7-4668-BE54-9A1E7A4F7556}") = "Tests", "Tests\Tests.csproj", "{66DD9AA6-9300-44F2-BF6D-75095C004001}"
EndProject
Project("{9A19103F-16F7-4668-BE54-9A1E7A4F7556}") = "Utilities", "Utilities\Utilities.csproj", "{1147C287-7EF5-44CA-8854-485CFE0AE30A}"
EndProject
Project("{FAE04EC0-301F-11D3-BF4B-00C04F79EFBC}") = "Core", "Core\Core.csproj", "{5E99D1E4-FD1A-4883-9A9E-2DAAE5DBCF0F}"
EndProject
Global
	GlobalSection(SolutionConfigurationPlatforms) = preSolution
		Debug|Any CPU = Debug|Any CPU
		Release|Any CPU = Release|Any CPU
	EndGlobalSection
	GlobalSection(ProjectConfigurationPlatforms) = postSolution
		{66DD9AA6-9300-44F2-BF6D-75095C004001}.Debug|Any CPU.ActiveCfg = Debug|Any CPU
		{66DD9AA6-9300-44F2-BF6D-75095C004001}.Debug|Any CPU.Build.0 = Debug|Any CPU
		{66DD9AA6-9300-44F2-BF6D-75095C004001}.Release|Any CPU.ActiveCfg = Release|Any CPU
		{66DD9AA6-9300-44F2-BF6D-75095C004001}.Release|Any CPU.Build.0 = Release|Any CPU
		{1147C287-7EF5-44CA-8854-485CFE0AE30A}.Debug|Any CPU.ActiveCfg = Debug|Any CPU
		{1147C287-7EF5-44CA-8854-485CFE0AE30A}.Debug|Any CPU.Build.0 = Debug|Any CPU
		{1147C287-7EF5-44CA-8854-485CFE0AE30A}.Release|Any CPU.ActiveCfg = Release|Any CPU
		{1147C287-7EF5-44CA-8854-485CFE0AE30A}.Release|Any CPU.Build.0 = Release|Any CPU
		{5E99D1E4-FD1A-4883-9A9E-2DAAE5DBCF0F}.Debug|Any CPU.ActiveCfg = Debug|Any CPU
		{5E99D1E4-FD1A-4883-9A9E-2DAAE5DBCF0F}.Debug|Any CPU.Build.0 = Debug|Any CPU
		{5E99D1E4-FD1A-4883-9A9E-2DAAE5DBCF0F}.Release|Any CPU.ActiveCfg = Release|Any CPU
		{5E99D1E4-FD1A-4883-9A9E-2DAAE5DBCF0F}.Release|Any CPU.Build.0 = Release|Any CPU
	EndGlobalSection
	GlobalSection(SolutionProperties) = preSolution
		HideSolutionNode = FALSE
	EndGlobalSection
	GlobalSection(ExtensibilityGlobals) = postSolution
		SolutionGuid = {554EB06C-99E4-4146-B317-DC686D915761}
	EndGlobalSection
EndGlobal
